
Microsoft Visual Studio Solution File, Format Version 12.00
# Visual Studio Version 16
VisualStudioVersion = 16.0.28531.58
MinimumVisualStudioVersion = 10.0.40219.1
Project("{2150E333-8FDC-42A3-9474-1A3956D46DE8}") = "Proje", "Proje", "{92B26469-BEE2-4DF6-8A96-39F5CE0BAAB2}"
EndProject
Project("{FAE04EC0-301F-11D3-BF4B-00C04F79EFBC}") = "TeknikServis.BLL", "TeknikServis.BLL\TeknikServis.BLL.csproj", "{2F40FABE-DFB0-474B-83A9-FA2223D87DD0}"
EndProject
Project("{FAE04EC0-301F-11D3-BF4B-00C04F79EFBC}") = "TeknikServis.DAL", "TeknikServis.DAL\TeknikServis.DAL.csproj", "{C152BF42-4654-4B03-AE3B-78C3FCAC55D9}"
EndProject
Project("{FAE04EC0-301F-11D3-BF4B-00C04F79EFBC}") = "TeknikServis.Models", "TeknikServis.Models\TeknikServis.Models.csproj", "{FB8FA1F5-39F0-4F0A-89BC-6BFDDE7B471A}"
EndProject
Project("{FAE04EC0-301F-11D3-BF4B-00C04F79EFBC}") = "TeknikServis.Web", "TeknikServis.Web\TeknikServis.Web.csproj", "{219954BA-7916-43DD-AB83-E58A28E3CD51}"
EndProject
Global
	GlobalSection(SolutionConfigurationPlatforms) = preSolution
		Debug|Any CPU = Debug|Any CPU
		Release|Any CPU = Release|Any CPU
	EndGlobalSection
	GlobalSection(ProjectConfigurationPlatforms) = postSolution
		{2F40FABE-DFB0-474B-83A9-FA2223D87DD0}.Debug|Any CPU.ActiveCfg = Debug|Any CPU
		{2F40FABE-DFB0-474B-83A9-FA2223D87DD0}.Debug|Any CPU.Build.0 = Debug|Any CPU
		{2F40FABE-DFB0-474B-83A9-FA2223D87DD0}.Release|Any CPU.ActiveCfg = Release|Any CPU
		{2F40FABE-DFB0-474B-83A9-FA2223D87DD0}.Release|Any CPU.Build.0 = Release|Any CPU
		{C152BF42-4654-4B03-AE3B-78C3FCAC55D9}.Debug|Any CPU.ActiveCfg = Debug|Any CPU
		{C152BF42-4654-4B03-AE3B-78C3FCAC55D9}.Debug|Any CPU.Build.0 = Debug|Any CPU
		{C152BF42-4654-4B03-AE3B-78C3FCAC55D9}.Release|Any CPU.ActiveCfg = Release|Any CPU
		{C152BF42-4654-4B03-AE3B-78C3FCAC55D9}.Release|Any CPU.Build.0 = Release|Any CPU
		{FB8FA1F5-39F0-4F0A-89BC-6BFDDE7B471A}.Debug|Any CPU.ActiveCfg = Debug|Any CPU
		{FB8FA1F5-39F0-4F0A-89BC-6BFDDE7B471A}.Debug|Any CPU.Build.0 = Debug|Any CPU
		{FB8FA1F5-39F0-4F0A-89BC-6BFDDE7B471A}.Release|Any CPU.ActiveCfg = Release|Any CPU
		{FB8FA1F5-39F0-4F0A-89BC-6BFDDE7B471A}.Release|Any CPU.Build.0 = Release|Any CPU
		{219954BA-7916-43DD-AB83-E58A28E3CD51}.Debug|Any CPU.ActiveCfg = Debug|Any CPU
		{219954BA-7916-43DD-AB83-E58A28E3CD51}.Debug|Any CPU.Build.0 = Debug|Any CPU
		{219954BA-7916-43DD-AB83-E58A28E3CD51}.Release|Any CPU.ActiveCfg = Release|Any CPU
		{219954BA-7916-43DD-AB83-E58A28E3CD51}.Release|Any CPU.Build.0 = Release|Any CPU
	EndGlobalSection
	GlobalSection(SolutionProperties) = preSolution
		HideSolutionNode = FALSE
	EndGlobalSection
	GlobalSection(NestedProjects) = preSolution
		{2F40FABE-DFB0-474B-83A9-FA2223D87DD0} = {92B26469-BEE2-4DF6-8A96-39F5CE0BAAB2}
		{C152BF42-4654-4B03-AE3B-78C3FCAC55D9} = {92B26469-BEE2-4DF6-8A96-39F5CE0BAAB2}
		{FB8FA1F5-39F0-4F0A-89BC-6BFDDE7B471A} = {92B26469-BEE2-4DF6-8A96-39F5CE0BAAB2}
		{219954BA-7916-43DD-AB83-E58A28E3CD51} = {92B26469-BEE2-4DF6-8A96-39F5CE0BAAB2}
	EndGlobalSection
	GlobalSection(ExtensibilityGlobals) = postSolution
		SolutionGuid = {BC371DAA-E607-4586-8519-800539B60AFA}
	EndGlobalSection
EndGlobal
