
Microsoft Visual Studio Solution File, Format Version 12.00
# Visual Studio 15
VisualStudioVersion = 15.0.28307.329
MinimumVisualStudioVersion = 10.0.40219.1
Project("{2150E333-8FDC-42A3-9474-1A3956D46DE8}") = "Teknik.Tema", "Teknik.Tema", "{9FA90F9D-E7DF-4316-B93C-C8C1A0D6D7F7}"
EndProject
Project("{2150E333-8FDC-42A3-9474-1A3956D46DE8}") = "Teknik.Proje", "Teknik.Proje", "{92B26469-BEE2-4DF6-8A96-39F5CE0BAAB2}"
EndProject
Global
	GlobalSection(SolutionProperties) = preSolution
		HideSolutionNode = FALSE
	EndGlobalSection
	GlobalSection(ExtensibilityGlobals) = postSolution
		SolutionGuid = {BC371DAA-E607-4586-8519-800539B60AFA}
	EndGlobalSection
EndGlobal
